
Microsoft Visual Studio Solution File, Format Version 12.00
# Visual Studio Version 17
VisualStudioVersion = 17.3.32922.545
MinimumVisualStudioVersion = 10.0.40219.1
Project("{9A19103F-16F7-4668-BE54-9A1E7A4F7556}") = "Hello", "Hello\Hello.csproj", "{9AD75883-B57A-4808-B780-AD27B8DCEA6A}"
EndProject
Project("{9A19103F-16F7-4668-BE54-9A1E7A4F7556}") = "ŚredniaArytmetyczna", "ŚredniaArytmetyczna\ŚredniaArytmetyczna.csproj", "{065C3DC8-7F15-4C93-82F5-8627007FE332}"
EndProject
Project("{9A19103F-16F7-4668-BE54-9A1E7A4F7556}") = "RównanieKwadratowe", "RównanieKwadratowe\RównanieKwadratowe.csproj", "{A81DA870-CD8E-4995-BFA6-D4634144859B}"
EndProject
Project("{9A19103F-16F7-4668-BE54-9A1E7A4F7556}") = "RównanieKwadratoweZespolone", "RównanieKwadratoweZespolone\RównanieKwadratoweZespolone.csproj", "{C4E66B6A-FB78-425A-98BF-9D2322C84D7C}"
EndProject
Project("{9A19103F-16F7-4668-BE54-9A1E7A4F7556}") = "Łańcuchy", "Łańcuchy\Łańcuchy.csproj", "{735525AE-C7D7-40FE-BFA0-0BC817C213CE}"
EndProject
Project("{FAE04EC0-301F-11D3-BF4B-00C04F79EFBC}") = "Z0301", "Z0301\Z0301.csproj", "{78C5CD3A-CA9D-4FC7-9DDB-1858EC13E498}"
EndProject
Global
	GlobalSection(SolutionConfigurationPlatforms) = preSolution
		Debug|Any CPU = Debug|Any CPU
		Release|Any CPU = Release|Any CPU
	EndGlobalSection
	GlobalSection(ProjectConfigurationPlatforms) = postSolution
		{9AD75883-B57A-4808-B780-AD27B8DCEA6A}.Debug|Any CPU.ActiveCfg = Debug|Any CPU
		{9AD75883-B57A-4808-B780-AD27B8DCEA6A}.Debug|Any CPU.Build.0 = Debug|Any CPU
		{9AD75883-B57A-4808-B780-AD27B8DCEA6A}.Release|Any CPU.ActiveCfg = Release|Any CPU
		{9AD75883-B57A-4808-B780-AD27B8DCEA6A}.Release|Any CPU.Build.0 = Release|Any CPU
		{065C3DC8-7F15-4C93-82F5-8627007FE332}.Debug|Any CPU.ActiveCfg = Debug|Any CPU
		{065C3DC8-7F15-4C93-82F5-8627007FE332}.Debug|Any CPU.Build.0 = Debug|Any CPU
		{065C3DC8-7F15-4C93-82F5-8627007FE332}.Release|Any CPU.ActiveCfg = Release|Any CPU
		{065C3DC8-7F15-4C93-82F5-8627007FE332}.Release|Any CPU.Build.0 = Release|Any CPU
		{A81DA870-CD8E-4995-BFA6-D4634144859B}.Debug|Any CPU.ActiveCfg = Debug|Any CPU
		{A81DA870-CD8E-4995-BFA6-D4634144859B}.Debug|Any CPU.Build.0 = Debug|Any CPU
		{A81DA870-CD8E-4995-BFA6-D4634144859B}.Release|Any CPU.ActiveCfg = Release|Any CPU
		{A81DA870-CD8E-4995-BFA6-D4634144859B}.Release|Any CPU.Build.0 = Release|Any CPU
		{C4E66B6A-FB78-425A-98BF-9D2322C84D7C}.Debug|Any CPU.ActiveCfg = Debug|Any CPU
		{C4E66B6A-FB78-425A-98BF-9D2322C84D7C}.Debug|Any CPU.Build.0 = Debug|Any CPU
		{C4E66B6A-FB78-425A-98BF-9D2322C84D7C}.Release|Any CPU.ActiveCfg = Release|Any CPU
		{C4E66B6A-FB78-425A-98BF-9D2322C84D7C}.Release|Any CPU.Build.0 = Release|Any CPU
		{735525AE-C7D7-40FE-BFA0-0BC817C213CE}.Debug|Any CPU.ActiveCfg = Debug|Any CPU
		{735525AE-C7D7-40FE-BFA0-0BC817C213CE}.Debug|Any CPU.Build.0 = Debug|Any CPU
		{735525AE-C7D7-40FE-BFA0-0BC817C213CE}.Release|Any CPU.ActiveCfg = Release|Any CPU
		{735525AE-C7D7-40FE-BFA0-0BC817C213CE}.Release|Any CPU.Build.0 = Release|Any CPU
		{78C5CD3A-CA9D-4FC7-9DDB-1858EC13E498}.Debug|Any CPU.ActiveCfg = Debug|Any CPU
		{78C5CD3A-CA9D-4FC7-9DDB-1858EC13E498}.Debug|Any CPU.Build.0 = Debug|Any CPU
		{78C5CD3A-CA9D-4FC7-9DDB-1858EC13E498}.Release|Any CPU.ActiveCfg = Release|Any CPU
		{78C5CD3A-CA9D-4FC7-9DDB-1858EC13E498}.Release|Any CPU.Build.0 = Release|Any CPU
	EndGlobalSection
	GlobalSection(SolutionProperties) = preSolution
		HideSolutionNode = FALSE
	EndGlobalSection
	GlobalSection(ExtensibilityGlobals) = postSolution
		SolutionGuid = {A80002BB-CDE5-437D-87ED-FF60A66FD8CD}
	EndGlobalSection
EndGlobal
