
Microsoft Visual Studio Solution File, Format Version 12.00
# Visual Studio Version 17
VisualStudioVersion = 17.3.32922.545
MinimumVisualStudioVersion = 10.0.40219.1
Project("{9A19103F-16F7-4668-BE54-9A1E7A4F7556}") = "Hello", "Hello\Hello.csproj", "{9AD75883-B57A-4808-B780-AD27B8DCEA6A}"
EndProject
Project("{9A19103F-16F7-4668-BE54-9A1E7A4F7556}") = "ŚredniaArytmetyczna", "ŚredniaArytmetyczna\ŚredniaArytmetyczna.csproj", "{065C3DC8-7F15-4C93-82F5-8627007FE332}"
EndProject
Project("{9A19103F-16F7-4668-BE54-9A1E7A4F7556}") = "RównanieKwadratowe", "RównanieKwadratowe\RównanieKwadratowe.csproj", "{A81DA870-CD8E-4995-BFA6-D4634144859B}"
EndProject
Project("{9A19103F-16F7-4668-BE54-9A1E7A4F7556}") = "RównanieKwadratoweZespolone", "RównanieKwadratoweZespolone\RównanieKwadratoweZespolone.csproj", "{C4E66B6A-FB78-425A-98BF-9D2322C84D7C}"
EndProject
Project("{9A19103F-16F7-4668-BE54-9A1E7A4F7556}") = "Łańcuchy", "Łańcuchy\Łańcuchy.csproj", "{735525AE-C7D7-40FE-BFA0-0BC817C213CE}"
EndProject
Project("{9A19103F-16F7-4668-BE54-9A1E7A4F7556}") = "Parzystość", "Parzystość\Parzystość.csproj", "{D85A4FE7-4A6F-4E4E-A0EE-F87C93A5F872}"
EndProject
Project("{9A19103F-16F7-4668-BE54-9A1E7A4F7556}") = "ZamianaParametrów", "ZamianaParametrów\ZamianaParametrów.csproj", "{00FD8A28-6786-4E37-92F1-E31D847676C2}"
EndProject
Project("{9A19103F-16F7-4668-BE54-9A1E7A4F7556}") = "Pochodna", "Pochodna\Pochodna.csproj", "{BF76FC17-F9C8-4811-B728-EB393EABA7E1}"
EndProject
Project("{9A19103F-16F7-4668-BE54-9A1E7A4F7556}") = "PętlaFor", "PętlaFor\PętlaFor.csproj", "{16727A96-12F6-4884-A056-AAD8C3B99113}"
EndProject
Project("{9A19103F-16F7-4668-BE54-9A1E7A4F7556}") = "LiczbaEulera", "LiczbaEulera\LiczbaEulera.csproj", "{700B3472-BC63-4746-B9A2-0BF024907D73}"
EndProject
Project("{9A19103F-16F7-4668-BE54-9A1E7A4F7556}") = "ZabawaKostkami", "ZabawaKostkami\ZabawaKostkami.csproj", "{1296F4D0-111C-4188-974E-EE8B071F4F0F}"
EndProject
Project("{9A19103F-16F7-4668-BE54-9A1E7A4F7556}") = "Agregacja", "Agregacja\Agregacja.csproj", "{055E2C84-727D-47A6-9EC9-BAE4DA023F83}"
EndProject
Project("{9A19103F-16F7-4668-BE54-9A1E7A4F7556}") = "Debugowanie", "Debugowanie\Debugowanie.csproj", "{4CBFD7B7-FE8C-4841-AD54-A55A585C4741}"
EndProject
Project("{9A19103F-16F7-4668-BE54-9A1E7A4F7556}") = "Lista", "Lista\Lista.csproj", "{8D43A926-0B14-454F-B3F2-8C2DA0AC9EC1}"
EndProject
Project("{9A19103F-16F7-4668-BE54-9A1E7A4F7556}") = "Tłumacz", "Tłumacz\Tłumacz.csproj", "{6EC4F8BF-9E3D-4EBA-99FD-50078864DA65}"
EndProject
Project("{9A19103F-16F7-4668-BE54-9A1E7A4F7556}") = "MaszynaTuringa", "MaszynaTuringa\MaszynaTuringa.csproj", "{435F5FE0-A767-4C65-B4A0-29895649C11A}"
EndProject
Project("{9A19103F-16F7-4668-BE54-9A1E7A4F7556}") = "UłamekDemo", "UłamekDemo\UłamekDemo.csproj", "{A2EC1333-01AD-4ACB-B6DF-E77944FC981C}"
EndProject
Project("{9A19103F-16F7-4668-BE54-9A1E7A4F7556}") = "UłamekBiblioteka", "UłamekBiblioteka\UłamekBiblioteka.csproj", "{090A34D0-D2CB-4DC5-8327-50DE48E7357B}"
EndProject
Project("{9A19103F-16F7-4668-BE54-9A1E7A4F7556}") = "UłamekTestyJednostkowe", "UłamekTestyJednostkowe\UłamekTestyJednostkowe.csproj", "{D8867F1B-AEE8-4BEC-96FB-607B1445A679}"
EndProject
Project("{9A19103F-16F7-4668-BE54-9A1E7A4F7556}") = "MaszynaTuringa2", "MaszynaTuringa2\MaszynaTuringa2.csproj", "{B67F3E38-681D-4615-93D3-2551DA85B4E8}"
EndProject
Project("{9A19103F-16F7-4668-BE54-9A1E7A4F7556}") = "Statystyka", "Statystyka\Statystyka.csproj", "{7694BC40-3D8E-48AE-B819-0BE7EC59D096}"
EndProject
Project("{9A19103F-16F7-4668-BE54-9A1E7A4F7556}") = "StatystykaDemo", "StatystykaDemo\StatystykaDemo.csproj", "{F47E7C15-221D-4AAB-A2E1-988B359D7640}"
EndProject
Project("{9A19103F-16F7-4668-BE54-9A1E7A4F7556}") = "RejestrowanieNieprzewidzianychZdarzeń", "RejestrowanieNieprzewidzianychZdarzeń\RejestrowanieNieprzewidzianychZdarzeń.csproj", "{FE56DA85-445E-42FC-A64A-9D0CB4BD7451}"
EndProject
Project("{9A19103F-16F7-4668-BE54-9A1E7A4F7556}") = "TypOgólny", "TypOgólny\TypOgólny.csproj", "{F39D82B4-3E60-4E47-A2C0-800EDA4B3C9C}"
EndProject
Project("{9A19103F-16F7-4668-BE54-9A1E7A4F7556}") = "WariancjaTypówParametrycznych", "WariancjaTypówParametrycznych\WariancjaTypówParametrycznych.csproj", "{F0D54323-59B9-4FCE-AB87-9FBF77C67C6A}"
EndProject
Project("{9A19103F-16F7-4668-BE54-9A1E7A4F7556}") = "Osoby", "Osoby\Osoby.csproj", "{F5F481C7-BABE-4782-B155-7F3A2BE52B16}"
EndProject
Project("{9A19103F-16F7-4668-BE54-9A1E7A4F7556}") = "Kadry", "Kadry\Kadry.csproj", "{578E0710-BE50-4B3B-8E73-D74B5CB413E0}"
EndProject
Project("{9A19103F-16F7-4668-BE54-9A1E7A4F7556}") = "Konsola", "Konsola\Konsola.csproj", "{47AB4A69-A295-4522-BEDF-A76AA6DA830B}"
EndProject
Project("{9A19103F-16F7-4668-BE54-9A1E7A4F7556}") = "KursyWalut", "KursyWalut\KursyWalut.csproj", "{83107920-80FF-43C2-925B-D42D0B2A064E}"
EndProject
Project("{9A19103F-16F7-4668-BE54-9A1E7A4F7556}") = "Drzewo", "Drzewo\Drzewo.csproj", "{C33F5DC4-CA60-4718-9EF4-D1C736533518}"
EndProject
Project("{FAE04EC0-301F-11D3-BF4B-00C04F79EFBC}") = "Linq", "Linq\Linq.csproj", "{9AEC4926-496C-4AED-B877-5AB3D1114324}"
EndProject
Global
	GlobalSection(SolutionConfigurationPlatforms) = preSolution
		Debug|Any CPU = Debug|Any CPU
		Release|Any CPU = Release|Any CPU
	EndGlobalSection
	GlobalSection(ProjectConfigurationPlatforms) = postSolution
		{9AD75883-B57A-4808-B780-AD27B8DCEA6A}.Debug|Any CPU.ActiveCfg = Debug|Any CPU
		{9AD75883-B57A-4808-B780-AD27B8DCEA6A}.Debug|Any CPU.Build.0 = Debug|Any CPU
		{9AD75883-B57A-4808-B780-AD27B8DCEA6A}.Release|Any CPU.ActiveCfg = Release|Any CPU
		{9AD75883-B57A-4808-B780-AD27B8DCEA6A}.Release|Any CPU.Build.0 = Release|Any CPU
		{065C3DC8-7F15-4C93-82F5-8627007FE332}.Debug|Any CPU.ActiveCfg = Debug|Any CPU
		{065C3DC8-7F15-4C93-82F5-8627007FE332}.Debug|Any CPU.Build.0 = Debug|Any CPU
		{065C3DC8-7F15-4C93-82F5-8627007FE332}.Release|Any CPU.ActiveCfg = Release|Any CPU
		{065C3DC8-7F15-4C93-82F5-8627007FE332}.Release|Any CPU.Build.0 = Release|Any CPU
		{A81DA870-CD8E-4995-BFA6-D4634144859B}.Debug|Any CPU.ActiveCfg = Debug|Any CPU
		{A81DA870-CD8E-4995-BFA6-D4634144859B}.Debug|Any CPU.Build.0 = Debug|Any CPU
		{A81DA870-CD8E-4995-BFA6-D4634144859B}.Release|Any CPU.ActiveCfg = Release|Any CPU
		{A81DA870-CD8E-4995-BFA6-D4634144859B}.Release|Any CPU.Build.0 = Release|Any CPU
		{C4E66B6A-FB78-425A-98BF-9D2322C84D7C}.Debug|Any CPU.ActiveCfg = Debug|Any CPU
		{C4E66B6A-FB78-425A-98BF-9D2322C84D7C}.Debug|Any CPU.Build.0 = Debug|Any CPU
		{C4E66B6A-FB78-425A-98BF-9D2322C84D7C}.Release|Any CPU.ActiveCfg = Release|Any CPU
		{C4E66B6A-FB78-425A-98BF-9D2322C84D7C}.Release|Any CPU.Build.0 = Release|Any CPU
		{735525AE-C7D7-40FE-BFA0-0BC817C213CE}.Debug|Any CPU.ActiveCfg = Debug|Any CPU
		{735525AE-C7D7-40FE-BFA0-0BC817C213CE}.Debug|Any CPU.Build.0 = Debug|Any CPU
		{735525AE-C7D7-40FE-BFA0-0BC817C213CE}.Release|Any CPU.ActiveCfg = Release|Any CPU
		{735525AE-C7D7-40FE-BFA0-0BC817C213CE}.Release|Any CPU.Build.0 = Release|Any CPU
		{D85A4FE7-4A6F-4E4E-A0EE-F87C93A5F872}.Debug|Any CPU.ActiveCfg = Debug|Any CPU
		{D85A4FE7-4A6F-4E4E-A0EE-F87C93A5F872}.Debug|Any CPU.Build.0 = Debug|Any CPU
		{D85A4FE7-4A6F-4E4E-A0EE-F87C93A5F872}.Release|Any CPU.ActiveCfg = Release|Any CPU
		{D85A4FE7-4A6F-4E4E-A0EE-F87C93A5F872}.Release|Any CPU.Build.0 = Release|Any CPU
		{00FD8A28-6786-4E37-92F1-E31D847676C2}.Debug|Any CPU.ActiveCfg = Debug|Any CPU
		{00FD8A28-6786-4E37-92F1-E31D847676C2}.Debug|Any CPU.Build.0 = Debug|Any CPU
		{00FD8A28-6786-4E37-92F1-E31D847676C2}.Release|Any CPU.ActiveCfg = Release|Any CPU
		{00FD8A28-6786-4E37-92F1-E31D847676C2}.Release|Any CPU.Build.0 = Release|Any CPU
		{BF76FC17-F9C8-4811-B728-EB393EABA7E1}.Debug|Any CPU.ActiveCfg = Debug|Any CPU
		{BF76FC17-F9C8-4811-B728-EB393EABA7E1}.Debug|Any CPU.Build.0 = Debug|Any CPU
		{BF76FC17-F9C8-4811-B728-EB393EABA7E1}.Release|Any CPU.ActiveCfg = Release|Any CPU
		{BF76FC17-F9C8-4811-B728-EB393EABA7E1}.Release|Any CPU.Build.0 = Release|Any CPU
		{16727A96-12F6-4884-A056-AAD8C3B99113}.Debug|Any CPU.ActiveCfg = Debug|Any CPU
		{16727A96-12F6-4884-A056-AAD8C3B99113}.Debug|Any CPU.Build.0 = Debug|Any CPU
		{16727A96-12F6-4884-A056-AAD8C3B99113}.Release|Any CPU.ActiveCfg = Release|Any CPU
		{16727A96-12F6-4884-A056-AAD8C3B99113}.Release|Any CPU.Build.0 = Release|Any CPU
		{700B3472-BC63-4746-B9A2-0BF024907D73}.Debug|Any CPU.ActiveCfg = Debug|Any CPU
		{700B3472-BC63-4746-B9A2-0BF024907D73}.Debug|Any CPU.Build.0 = Debug|Any CPU
		{700B3472-BC63-4746-B9A2-0BF024907D73}.Release|Any CPU.ActiveCfg = Release|Any CPU
		{700B3472-BC63-4746-B9A2-0BF024907D73}.Release|Any CPU.Build.0 = Release|Any CPU
		{1296F4D0-111C-4188-974E-EE8B071F4F0F}.Debug|Any CPU.ActiveCfg = Debug|Any CPU
		{1296F4D0-111C-4188-974E-EE8B071F4F0F}.Debug|Any CPU.Build.0 = Debug|Any CPU
		{1296F4D0-111C-4188-974E-EE8B071F4F0F}.Release|Any CPU.ActiveCfg = Release|Any CPU
		{1296F4D0-111C-4188-974E-EE8B071F4F0F}.Release|Any CPU.Build.0 = Release|Any CPU
		{055E2C84-727D-47A6-9EC9-BAE4DA023F83}.Debug|Any CPU.ActiveCfg = Debug|Any CPU
		{055E2C84-727D-47A6-9EC9-BAE4DA023F83}.Debug|Any CPU.Build.0 = Debug|Any CPU
		{055E2C84-727D-47A6-9EC9-BAE4DA023F83}.Release|Any CPU.ActiveCfg = Release|Any CPU
		{055E2C84-727D-47A6-9EC9-BAE4DA023F83}.Release|Any CPU.Build.0 = Release|Any CPU
		{4CBFD7B7-FE8C-4841-AD54-A55A585C4741}.Debug|Any CPU.ActiveCfg = Debug|Any CPU
		{4CBFD7B7-FE8C-4841-AD54-A55A585C4741}.Debug|Any CPU.Build.0 = Debug|Any CPU
		{4CBFD7B7-FE8C-4841-AD54-A55A585C4741}.Release|Any CPU.ActiveCfg = Release|Any CPU
		{4CBFD7B7-FE8C-4841-AD54-A55A585C4741}.Release|Any CPU.Build.0 = Release|Any CPU
		{8D43A926-0B14-454F-B3F2-8C2DA0AC9EC1}.Debug|Any CPU.ActiveCfg = Debug|Any CPU
		{8D43A926-0B14-454F-B3F2-8C2DA0AC9EC1}.Debug|Any CPU.Build.0 = Debug|Any CPU
		{8D43A926-0B14-454F-B3F2-8C2DA0AC9EC1}.Release|Any CPU.ActiveCfg = Release|Any CPU
		{8D43A926-0B14-454F-B3F2-8C2DA0AC9EC1}.Release|Any CPU.Build.0 = Release|Any CPU
		{6EC4F8BF-9E3D-4EBA-99FD-50078864DA65}.Debug|Any CPU.ActiveCfg = Debug|Any CPU
		{6EC4F8BF-9E3D-4EBA-99FD-50078864DA65}.Debug|Any CPU.Build.0 = Debug|Any CPU
		{6EC4F8BF-9E3D-4EBA-99FD-50078864DA65}.Release|Any CPU.ActiveCfg = Release|Any CPU
		{6EC4F8BF-9E3D-4EBA-99FD-50078864DA65}.Release|Any CPU.Build.0 = Release|Any CPU
		{435F5FE0-A767-4C65-B4A0-29895649C11A}.Debug|Any CPU.ActiveCfg = Debug|Any CPU
		{435F5FE0-A767-4C65-B4A0-29895649C11A}.Debug|Any CPU.Build.0 = Debug|Any CPU
		{435F5FE0-A767-4C65-B4A0-29895649C11A}.Release|Any CPU.ActiveCfg = Release|Any CPU
		{435F5FE0-A767-4C65-B4A0-29895649C11A}.Release|Any CPU.Build.0 = Release|Any CPU
		{A2EC1333-01AD-4ACB-B6DF-E77944FC981C}.Debug|Any CPU.ActiveCfg = Debug|Any CPU
		{A2EC1333-01AD-4ACB-B6DF-E77944FC981C}.Debug|Any CPU.Build.0 = Debug|Any CPU
		{A2EC1333-01AD-4ACB-B6DF-E77944FC981C}.Release|Any CPU.ActiveCfg = Release|Any CPU
		{A2EC1333-01AD-4ACB-B6DF-E77944FC981C}.Release|Any CPU.Build.0 = Release|Any CPU
		{090A34D0-D2CB-4DC5-8327-50DE48E7357B}.Debug|Any CPU.ActiveCfg = Debug|Any CPU
		{090A34D0-D2CB-4DC5-8327-50DE48E7357B}.Debug|Any CPU.Build.0 = Debug|Any CPU
		{090A34D0-D2CB-4DC5-8327-50DE48E7357B}.Release|Any CPU.ActiveCfg = Release|Any CPU
		{090A34D0-D2CB-4DC5-8327-50DE48E7357B}.Release|Any CPU.Build.0 = Release|Any CPU
		{D8867F1B-AEE8-4BEC-96FB-607B1445A679}.Debug|Any CPU.ActiveCfg = Debug|Any CPU
		{D8867F1B-AEE8-4BEC-96FB-607B1445A679}.Debug|Any CPU.Build.0 = Debug|Any CPU
		{D8867F1B-AEE8-4BEC-96FB-607B1445A679}.Release|Any CPU.ActiveCfg = Release|Any CPU
		{D8867F1B-AEE8-4BEC-96FB-607B1445A679}.Release|Any CPU.Build.0 = Release|Any CPU
		{B67F3E38-681D-4615-93D3-2551DA85B4E8}.Debug|Any CPU.ActiveCfg = Debug|Any CPU
		{B67F3E38-681D-4615-93D3-2551DA85B4E8}.Debug|Any CPU.Build.0 = Debug|Any CPU
		{B67F3E38-681D-4615-93D3-2551DA85B4E8}.Release|Any CPU.ActiveCfg = Release|Any CPU
		{B67F3E38-681D-4615-93D3-2551DA85B4E8}.Release|Any CPU.Build.0 = Release|Any CPU
		{7694BC40-3D8E-48AE-B819-0BE7EC59D096}.Debug|Any CPU.ActiveCfg = Debug|Any CPU
		{7694BC40-3D8E-48AE-B819-0BE7EC59D096}.Debug|Any CPU.Build.0 = Debug|Any CPU
		{7694BC40-3D8E-48AE-B819-0BE7EC59D096}.Release|Any CPU.ActiveCfg = Release|Any CPU
		{7694BC40-3D8E-48AE-B819-0BE7EC59D096}.Release|Any CPU.Build.0 = Release|Any CPU
		{F47E7C15-221D-4AAB-A2E1-988B359D7640}.Debug|Any CPU.ActiveCfg = Debug|Any CPU
		{F47E7C15-221D-4AAB-A2E1-988B359D7640}.Debug|Any CPU.Build.0 = Debug|Any CPU
		{F47E7C15-221D-4AAB-A2E1-988B359D7640}.Release|Any CPU.ActiveCfg = Release|Any CPU
		{F47E7C15-221D-4AAB-A2E1-988B359D7640}.Release|Any CPU.Build.0 = Release|Any CPU
		{FE56DA85-445E-42FC-A64A-9D0CB4BD7451}.Debug|Any CPU.ActiveCfg = Debug|Any CPU
		{FE56DA85-445E-42FC-A64A-9D0CB4BD7451}.Debug|Any CPU.Build.0 = Debug|Any CPU
		{FE56DA85-445E-42FC-A64A-9D0CB4BD7451}.Release|Any CPU.ActiveCfg = Release|Any CPU
		{FE56DA85-445E-42FC-A64A-9D0CB4BD7451}.Release|Any CPU.Build.0 = Release|Any CPU
		{F39D82B4-3E60-4E47-A2C0-800EDA4B3C9C}.Debug|Any CPU.ActiveCfg = Debug|Any CPU
		{F39D82B4-3E60-4E47-A2C0-800EDA4B3C9C}.Debug|Any CPU.Build.0 = Debug|Any CPU
		{F39D82B4-3E60-4E47-A2C0-800EDA4B3C9C}.Release|Any CPU.ActiveCfg = Release|Any CPU
		{F39D82B4-3E60-4E47-A2C0-800EDA4B3C9C}.Release|Any CPU.Build.0 = Release|Any CPU
		{F0D54323-59B9-4FCE-AB87-9FBF77C67C6A}.Debug|Any CPU.ActiveCfg = Debug|Any CPU
		{F0D54323-59B9-4FCE-AB87-9FBF77C67C6A}.Debug|Any CPU.Build.0 = Debug|Any CPU
		{F0D54323-59B9-4FCE-AB87-9FBF77C67C6A}.Release|Any CPU.ActiveCfg = Release|Any CPU
		{F0D54323-59B9-4FCE-AB87-9FBF77C67C6A}.Release|Any CPU.Build.0 = Release|Any CPU
		{F5F481C7-BABE-4782-B155-7F3A2BE52B16}.Debug|Any CPU.ActiveCfg = Debug|Any CPU
		{F5F481C7-BABE-4782-B155-7F3A2BE52B16}.Debug|Any CPU.Build.0 = Debug|Any CPU
		{F5F481C7-BABE-4782-B155-7F3A2BE52B16}.Release|Any CPU.ActiveCfg = Release|Any CPU
		{F5F481C7-BABE-4782-B155-7F3A2BE52B16}.Release|Any CPU.Build.0 = Release|Any CPU
		{578E0710-BE50-4B3B-8E73-D74B5CB413E0}.Debug|Any CPU.ActiveCfg = Debug|Any CPU
		{578E0710-BE50-4B3B-8E73-D74B5CB413E0}.Debug|Any CPU.Build.0 = Debug|Any CPU
		{578E0710-BE50-4B3B-8E73-D74B5CB413E0}.Release|Any CPU.ActiveCfg = Release|Any CPU
		{578E0710-BE50-4B3B-8E73-D74B5CB413E0}.Release|Any CPU.Build.0 = Release|Any CPU
		{47AB4A69-A295-4522-BEDF-A76AA6DA830B}.Debug|Any CPU.ActiveCfg = Debug|Any CPU
		{47AB4A69-A295-4522-BEDF-A76AA6DA830B}.Debug|Any CPU.Build.0 = Debug|Any CPU
		{47AB4A69-A295-4522-BEDF-A76AA6DA830B}.Release|Any CPU.ActiveCfg = Release|Any CPU
		{47AB4A69-A295-4522-BEDF-A76AA6DA830B}.Release|Any CPU.Build.0 = Release|Any CPU
		{83107920-80FF-43C2-925B-D42D0B2A064E}.Debug|Any CPU.ActiveCfg = Debug|Any CPU
		{83107920-80FF-43C2-925B-D42D0B2A064E}.Debug|Any CPU.Build.0 = Debug|Any CPU
		{83107920-80FF-43C2-925B-D42D0B2A064E}.Release|Any CPU.ActiveCfg = Release|Any CPU
		{83107920-80FF-43C2-925B-D42D0B2A064E}.Release|Any CPU.Build.0 = Release|Any CPU
		{C33F5DC4-CA60-4718-9EF4-D1C736533518}.Debug|Any CPU.ActiveCfg = Debug|Any CPU
		{C33F5DC4-CA60-4718-9EF4-D1C736533518}.Debug|Any CPU.Build.0 = Debug|Any CPU
		{C33F5DC4-CA60-4718-9EF4-D1C736533518}.Release|Any CPU.ActiveCfg = Release|Any CPU
		{C33F5DC4-CA60-4718-9EF4-D1C736533518}.Release|Any CPU.Build.0 = Release|Any CPU
		{9AEC4926-496C-4AED-B877-5AB3D1114324}.Debug|Any CPU.ActiveCfg = Debug|Any CPU
		{9AEC4926-496C-4AED-B877-5AB3D1114324}.Debug|Any CPU.Build.0 = Debug|Any CPU
		{9AEC4926-496C-4AED-B877-5AB3D1114324}.Release|Any CPU.ActiveCfg = Release|Any CPU
		{9AEC4926-496C-4AED-B877-5AB3D1114324}.Release|Any CPU.Build.0 = Release|Any CPU
	EndGlobalSection
	GlobalSection(SolutionProperties) = preSolution
		HideSolutionNode = FALSE
	EndGlobalSection
	GlobalSection(ExtensibilityGlobals) = postSolution
		SolutionGuid = {A80002BB-CDE5-437D-87ED-FF60A66FD8CD}
	EndGlobalSection
EndGlobal
