
Microsoft Visual Studio Solution File, Format Version 12.00
# Visual Studio Version 17
VisualStudioVersion = 17.3.32922.545
MinimumVisualStudioVersion = 10.0.40219.1
Project("{9A19103F-16F7-4668-BE54-9A1E7A4F7556}") = "Hello", "Hello\Hello.csproj", "{9AD75883-B57A-4808-B780-AD27B8DCEA6A}"
EndProject
Project("{9A19103F-16F7-4668-BE54-9A1E7A4F7556}") = "ŚredniaArytmetyczna", "ŚredniaArytmetyczna\ŚredniaArytmetyczna.csproj", "{065C3DC8-7F15-4C93-82F5-8627007FE332}"
EndProject
Project("{9A19103F-16F7-4668-BE54-9A1E7A4F7556}") = "RównanieKwadratowe", "RównanieKwadratowe\RównanieKwadratowe.csproj", "{A81DA870-CD8E-4995-BFA6-D4634144859B}"
EndProject
Project("{9A19103F-16F7-4668-BE54-9A1E7A4F7556}") = "RównanieKwadratoweZespolone", "RównanieKwadratoweZespolone\RównanieKwadratoweZespolone.csproj", "{C4E66B6A-FB78-425A-98BF-9D2322C84D7C}"
EndProject
Project("{9A19103F-16F7-4668-BE54-9A1E7A4F7556}") = "Łańcuchy", "Łańcuchy\Łańcuchy.csproj", "{735525AE-C7D7-40FE-BFA0-0BC817C213CE}"
EndProject
Project("{9A19103F-16F7-4668-BE54-9A1E7A4F7556}") = "Parzystość", "Parzystość\Parzystość.csproj", "{D85A4FE7-4A6F-4E4E-A0EE-F87C93A5F872}"
EndProject
Project("{9A19103F-16F7-4668-BE54-9A1E7A4F7556}") = "ZamianaParametrów", "ZamianaParametrów\ZamianaParametrów.csproj", "{00FD8A28-6786-4E37-92F1-E31D847676C2}"
EndProject
Project("{9A19103F-16F7-4668-BE54-9A1E7A4F7556}") = "Pochodna", "Pochodna\Pochodna.csproj", "{BF76FC17-F9C8-4811-B728-EB393EABA7E1}"
EndProject
Project("{9A19103F-16F7-4668-BE54-9A1E7A4F7556}") = "PętlaFor", "PętlaFor\PętlaFor.csproj", "{16727A96-12F6-4884-A056-AAD8C3B99113}"
EndProject
Project("{9A19103F-16F7-4668-BE54-9A1E7A4F7556}") = "LiczbaEulera", "LiczbaEulera\LiczbaEulera.csproj", "{700B3472-BC63-4746-B9A2-0BF024907D73}"
EndProject
Project("{9A19103F-16F7-4668-BE54-9A1E7A4F7556}") = "ZabawaKostkami", "ZabawaKostkami\ZabawaKostkami.csproj", "{1296F4D0-111C-4188-974E-EE8B071F4F0F}"
EndProject
Project("{9A19103F-16F7-4668-BE54-9A1E7A4F7556}") = "Agregacja", "Agregacja\Agregacja.csproj", "{055E2C84-727D-47A6-9EC9-BAE4DA023F83}"
EndProject
Project("{FAE04EC0-301F-11D3-BF4B-00C04F79EFBC}") = "Z0708", "Z0708\Z0708.csproj", "{EE03F486-BD85-4101-BB25-CF6665F41224}"
EndProject
Global
	GlobalSection(SolutionConfigurationPlatforms) = preSolution
		Debug|Any CPU = Debug|Any CPU
		Release|Any CPU = Release|Any CPU
	EndGlobalSection
	GlobalSection(ProjectConfigurationPlatforms) = postSolution
		{9AD75883-B57A-4808-B780-AD27B8DCEA6A}.Debug|Any CPU.ActiveCfg = Debug|Any CPU
		{9AD75883-B57A-4808-B780-AD27B8DCEA6A}.Debug|Any CPU.Build.0 = Debug|Any CPU
		{9AD75883-B57A-4808-B780-AD27B8DCEA6A}.Release|Any CPU.ActiveCfg = Release|Any CPU
		{9AD75883-B57A-4808-B780-AD27B8DCEA6A}.Release|Any CPU.Build.0 = Release|Any CPU
		{065C3DC8-7F15-4C93-82F5-8627007FE332}.Debug|Any CPU.ActiveCfg = Debug|Any CPU
		{065C3DC8-7F15-4C93-82F5-8627007FE332}.Debug|Any CPU.Build.0 = Debug|Any CPU
		{065C3DC8-7F15-4C93-82F5-8627007FE332}.Release|Any CPU.ActiveCfg = Release|Any CPU
		{065C3DC8-7F15-4C93-82F5-8627007FE332}.Release|Any CPU.Build.0 = Release|Any CPU
		{A81DA870-CD8E-4995-BFA6-D4634144859B}.Debug|Any CPU.ActiveCfg = Debug|Any CPU
		{A81DA870-CD8E-4995-BFA6-D4634144859B}.Debug|Any CPU.Build.0 = Debug|Any CPU
		{A81DA870-CD8E-4995-BFA6-D4634144859B}.Release|Any CPU.ActiveCfg = Release|Any CPU
		{A81DA870-CD8E-4995-BFA6-D4634144859B}.Release|Any CPU.Build.0 = Release|Any CPU
		{C4E66B6A-FB78-425A-98BF-9D2322C84D7C}.Debug|Any CPU.ActiveCfg = Debug|Any CPU
		{C4E66B6A-FB78-425A-98BF-9D2322C84D7C}.Debug|Any CPU.Build.0 = Debug|Any CPU
		{C4E66B6A-FB78-425A-98BF-9D2322C84D7C}.Release|Any CPU.ActiveCfg = Release|Any CPU
		{C4E66B6A-FB78-425A-98BF-9D2322C84D7C}.Release|Any CPU.Build.0 = Release|Any CPU
		{735525AE-C7D7-40FE-BFA0-0BC817C213CE}.Debug|Any CPU.ActiveCfg = Debug|Any CPU
		{735525AE-C7D7-40FE-BFA0-0BC817C213CE}.Debug|Any CPU.Build.0 = Debug|Any CPU
		{735525AE-C7D7-40FE-BFA0-0BC817C213CE}.Release|Any CPU.ActiveCfg = Release|Any CPU
		{735525AE-C7D7-40FE-BFA0-0BC817C213CE}.Release|Any CPU.Build.0 = Release|Any CPU
		{D85A4FE7-4A6F-4E4E-A0EE-F87C93A5F872}.Debug|Any CPU.ActiveCfg = Debug|Any CPU
		{D85A4FE7-4A6F-4E4E-A0EE-F87C93A5F872}.Debug|Any CPU.Build.0 = Debug|Any CPU
		{D85A4FE7-4A6F-4E4E-A0EE-F87C93A5F872}.Release|Any CPU.ActiveCfg = Release|Any CPU
		{D85A4FE7-4A6F-4E4E-A0EE-F87C93A5F872}.Release|Any CPU.Build.0 = Release|Any CPU
		{00FD8A28-6786-4E37-92F1-E31D847676C2}.Debug|Any CPU.ActiveCfg = Debug|Any CPU
		{00FD8A28-6786-4E37-92F1-E31D847676C2}.Debug|Any CPU.Build.0 = Debug|Any CPU
		{00FD8A28-6786-4E37-92F1-E31D847676C2}.Release|Any CPU.ActiveCfg = Release|Any CPU
		{00FD8A28-6786-4E37-92F1-E31D847676C2}.Release|Any CPU.Build.0 = Release|Any CPU
		{BF76FC17-F9C8-4811-B728-EB393EABA7E1}.Debug|Any CPU.ActiveCfg = Debug|Any CPU
		{BF76FC17-F9C8-4811-B728-EB393EABA7E1}.Debug|Any CPU.Build.0 = Debug|Any CPU
		{BF76FC17-F9C8-4811-B728-EB393EABA7E1}.Release|Any CPU.ActiveCfg = Release|Any CPU
		{BF76FC17-F9C8-4811-B728-EB393EABA7E1}.Release|Any CPU.Build.0 = Release|Any CPU
		{16727A96-12F6-4884-A056-AAD8C3B99113}.Debug|Any CPU.ActiveCfg = Debug|Any CPU
		{16727A96-12F6-4884-A056-AAD8C3B99113}.Debug|Any CPU.Build.0 = Debug|Any CPU
		{16727A96-12F6-4884-A056-AAD8C3B99113}.Release|Any CPU.ActiveCfg = Release|Any CPU
		{16727A96-12F6-4884-A056-AAD8C3B99113}.Release|Any CPU.Build.0 = Release|Any CPU
		{700B3472-BC63-4746-B9A2-0BF024907D73}.Debug|Any CPU.ActiveCfg = Debug|Any CPU
		{700B3472-BC63-4746-B9A2-0BF024907D73}.Debug|Any CPU.Build.0 = Debug|Any CPU
		{700B3472-BC63-4746-B9A2-0BF024907D73}.Release|Any CPU.ActiveCfg = Release|Any CPU
		{700B3472-BC63-4746-B9A2-0BF024907D73}.Release|Any CPU.Build.0 = Release|Any CPU
		{1296F4D0-111C-4188-974E-EE8B071F4F0F}.Debug|Any CPU.ActiveCfg = Debug|Any CPU
		{1296F4D0-111C-4188-974E-EE8B071F4F0F}.Debug|Any CPU.Build.0 = Debug|Any CPU
		{1296F4D0-111C-4188-974E-EE8B071F4F0F}.Release|Any CPU.ActiveCfg = Release|Any CPU
		{1296F4D0-111C-4188-974E-EE8B071F4F0F}.Release|Any CPU.Build.0 = Release|Any CPU
		{055E2C84-727D-47A6-9EC9-BAE4DA023F83}.Debug|Any CPU.ActiveCfg = Debug|Any CPU
		{055E2C84-727D-47A6-9EC9-BAE4DA023F83}.Debug|Any CPU.Build.0 = Debug|Any CPU
		{055E2C84-727D-47A6-9EC9-BAE4DA023F83}.Release|Any CPU.ActiveCfg = Release|Any CPU
		{055E2C84-727D-47A6-9EC9-BAE4DA023F83}.Release|Any CPU.Build.0 = Release|Any CPU
		{EE03F486-BD85-4101-BB25-CF6665F41224}.Debug|Any CPU.ActiveCfg = Debug|Any CPU
		{EE03F486-BD85-4101-BB25-CF6665F41224}.Debug|Any CPU.Build.0 = Debug|Any CPU
		{EE03F486-BD85-4101-BB25-CF6665F41224}.Release|Any CPU.ActiveCfg = Release|Any CPU
		{EE03F486-BD85-4101-BB25-CF6665F41224}.Release|Any CPU.Build.0 = Release|Any CPU
	EndGlobalSection
	GlobalSection(SolutionProperties) = preSolution
		HideSolutionNode = FALSE
	EndGlobalSection
	GlobalSection(ExtensibilityGlobals) = postSolution
		SolutionGuid = {A80002BB-CDE5-437D-87ED-FF60A66FD8CD}
	EndGlobalSection
EndGlobal
